
Microsoft Visual Studio Solution File, Format Version 12.00
# Visual Studio Version 16
VisualStudioVersion = 16.0.31112.23
MinimumVisualStudioVersion = 10.0.40219.1
Project("{9A19103F-16F7-4668-BE54-9A1E7A4F7556}") = "libSimpleMap", "libSimpleMap.csproj", "{214A482B-6710-4C7A-AD85-093269DB64F9}"
EndProject
Project("{9A19103F-16F7-4668-BE54-9A1E7A4F7556}") = "libGis", "..\..\libGis\dotNetCore3\libGis.csproj", "{91C8FA54-40AC-4041-8F09-7E2C4FC96118}"
EndProject
Global
	GlobalSection(SolutionConfigurationPlatforms) = preSolution
		Debug|Any CPU = Debug|Any CPU
		Release|Any CPU = Release|Any CPU
	EndGlobalSection
	GlobalSection(ProjectConfigurationPlatforms) = postSolution
		{214A482B-6710-4C7A-AD85-093269DB64F9}.Debug|Any CPU.ActiveCfg = Debug|Any CPU
		{214A482B-6710-4C7A-AD85-093269DB64F9}.Debug|Any CPU.Build.0 = Debug|Any CPU
		{214A482B-6710-4C7A-AD85-093269DB64F9}.Release|Any CPU.ActiveCfg = Release|Any CPU
		{214A482B-6710-4C7A-AD85-093269DB64F9}.Release|Any CPU.Build.0 = Release|Any CPU
		{91C8FA54-40AC-4041-8F09-7E2C4FC96118}.Debug|Any CPU.ActiveCfg = Debug|Any CPU
		{91C8FA54-40AC-4041-8F09-7E2C4FC96118}.Debug|Any CPU.Build.0 = Debug|Any CPU
		{91C8FA54-40AC-4041-8F09-7E2C4FC96118}.Release|Any CPU.ActiveCfg = Release|Any CPU
		{91C8FA54-40AC-4041-8F09-7E2C4FC96118}.Release|Any CPU.Build.0 = Release|Any CPU
	EndGlobalSection
	GlobalSection(SolutionProperties) = preSolution
		HideSolutionNode = FALSE
	EndGlobalSection
	GlobalSection(ExtensibilityGlobals) = postSolution
		SolutionGuid = {FF9AFEE4-97DB-4F12-9196-0EAB8FBDC2AE}
	EndGlobalSection
EndGlobal
